// !$*UTF8*$!
{
	archiveVersion = 1;
	classes = {
	};
	objectVersion = 50;
	objects = {

/* Begin PBXBuildFile section */
		0AE09A862133E18C00DC1211 /* hailstone.c in Sources */ = {isa = PBXBuildFile; fileRef = 0AE09A852133E18C00DC1211 /* hailstone.c */; };
/* End PBXBuildFile section */

/* Begin PBXCopyFilesBuildPhase section */
		0A229AE0212C06930003B603 /* CopyFiles */ = {
			isa = PBXCopyFilesBuildPhase;
			buildActionMask = 2147483647;
			dstPath = /usr/share/man/man1/;
			dstSubfolderSpec = 0;
			files = (
			);
			runOnlyForDeploymentPostprocessing = 1;
		};
/* End PBXCopyFilesBuildPhase section */

/* Begin PBXFileReference section */
		0A229AE2212C06930003B603 /* 数据结构 */ = {isa = PBXFileReference; explicitFileType = "compiled.mach-o.executable"; includeInIndex = 0; path = "数据结构"; sourceTree = BUILT_PRODUCTS_DIR; };
		0A229AED212C06A50003B603 /* malloc_01.c */ = {isa = PBXFileReference; lastKnownFileType = sourcecode.c.c; path = malloc_01.c; sourceTree = "<group>"; };
		0A229AEE212C06A50003B603 /* memory_01.c */ = {isa = PBXFileReference; lastKnownFileType = sourcecode.c.c; path = memory_01.c; sourceTree = "<group>"; };
		0A229AF0212C06DB0003B603 /* list_01.c */ = {isa = PBXFileReference; fileEncoding = 4; lastKnownFileType = sourcecode.c.c; path = list_01.c; sourceTree = "<group>"; };
		0A229AF3212C07000003B603 /* typedef_02.c */ = {isa = PBXFileReference; lastKnownFileType = sourcecode.c.c; path = typedef_02.c; sourceTree = "<group>"; };
		0A229AF4212C07000003B603 /* arr_01.c */ = {isa = PBXFileReference; lastKnownFileType = sourcecode.c.c; path = arr_01.c; sourceTree = "<group>"; };
		0A229AF5212C07000003B603 /* typedef_01.c */ = {isa = PBXFileReference; lastKnownFileType = sourcecode.c.c; path = typedef_01.c; sourceTree = "<group>"; };
		0A229AF7212C072B0003B603 /* stack_01.c */ = {isa = PBXFileReference; lastKnownFileType = sourcecode.c.c; path = stack_01.c; sourceTree = "<group>"; };
		0A29917D212CF0A500C0376C /* 循环队列.c */ = {isa = PBXFileReference; lastKnownFileType = sourcecode.c.c; path = "循环队列.c"; sourceTree = "<group>"; };
		0A299180212D062500C0376C /* 不同函数之间的相互调用.c */ = {isa = PBXFileReference; lastKnownFileType = sourcecode.c.c; path = "不同函数之间的相互调用.c"; sourceTree = "<group>"; };
		0A299182212D0E3F00C0376C /* 自己调用自己.c */ = {isa = PBXFileReference; lastKnownFileType = sourcecode.c.c; path = "自己调用自己.c"; sourceTree = "<group>"; };
		0A299184212D357B00C0376C /* README.md */ = {isa = PBXFileReference; lastKnownFileType = net.daringfireball.markdown; path = README.md; sourceTree = "<group>"; };
		0A299185212D38FB00C0376C /* 阶乘的循环使用.c */ = {isa = PBXFileReference; lastKnownFileType = sourcecode.c.c; path = "阶乘的循环使用.c"; sourceTree = "<group>"; };
		0A299187212D39E500C0376C /* 阶乘的递归实现.c */ = {isa = PBXFileReference; lastKnownFileType = sourcecode.c.c; path = "阶乘的递归实现.c"; sourceTree = "<group>"; };
		0A299189212D3BEF00C0376C /* 1+2+100的和.c */ = {isa = PBXFileReference; lastKnownFileType = sourcecode.c.c; path = "1+2+100的和.c"; sourceTree = "<group>"; };
		0A29918B212D405900C0376C /* 间接调用自己举例.c */ = {isa = PBXFileReference; lastKnownFileType = sourcecode.c.c; path = "间接调用自己举例.c"; sourceTree = "<group>"; };
		0A29918D212D40BB00C0376C /* A函数调用B函数.c */ = {isa = PBXFileReference; lastKnownFileType = sourcecode.c.c; path = "A函数调用B函数.c"; sourceTree = "<group>"; };
		0A29918F212D527E00C0376C /* 汉诺塔.c */ = {isa = PBXFileReference; lastKnownFileType = sourcecode.c.c; path = "汉诺塔.c"; sourceTree = "<group>"; };
		0A899931212FA4220095EB36 /* 链式二叉树.c */ = {isa = PBXFileReference; lastKnownFileType = sourcecode.c.c; path = "链式二叉树.c"; sourceTree = "<group>"; };
		0A899934212FFE550095EB36 /* 快速排序.c */ = {isa = PBXFileReference; lastKnownFileType = sourcecode.c.c; path = "快速排序.c"; sourceTree = "<group>"; };
		0AE09A852133E18C00DC1211 /* hailstone.c */ = {isa = PBXFileReference; lastKnownFileType = sourcecode.c.c; path = hailstone.c; sourceTree = "<group>"; };
/* End PBXFileReference section */

/* Begin PBXFrameworksBuildPhase section */
		0A229ADF212C06930003B603 /* Frameworks */ = {
			isa = PBXFrameworksBuildPhase;
			buildActionMask = 2147483647;
			files = (
			);
			runOnlyForDeploymentPostprocessing = 0;
		};
/* End PBXFrameworksBuildPhase section */

/* Begin PBXGroup section */
		0A229AD9212C06930003B603 = {
			isa = PBXGroup;
			children = (
				0A229AE4212C06930003B603 /* 数据结构 */,
				0A229AE3212C06930003B603 /* Products */,
			);
			sourceTree = "<group>";
		};
		0A229AE3212C06930003B603 /* Products */ = {
			isa = PBXGroup;
			children = (
				0A229AE2212C06930003B603 /* 数据结构 */,
			);
			name = Products;
			sourceTree = "<group>";
		};
		0A229AE4212C06930003B603 /* 数据结构 */ = {
			isa = PBXGroup;
			children = (
				0AE09A842133E17900DC1211 /* hailstone */,
				0A299184212D357B00C0376C /* README.md */,
				0A229AEC212C06A50003B603 /* 动态分配内存 */,
				0A229AF2212C07000003B603 /* 数组 */,
				0A229AEF212C06D00003B603 /* 链表 */,
				0A229AF6212C072B0003B603 /* 栈 */,
				0A29917C212CF08700C0376C /* 队列 */,
				0A29917F212D05D100C0376C /* 递归 */,
				0A899930212FA40A0095EB36 /* 二叉树 */,
				0A899933212FFE3F0095EB36 /* 排序 */,
			);
			path = "数据结构";
			sourceTree = "<group>";
		};
		0A229AEC212C06A50003B603 /* 动态分配内存 */ = {
			isa = PBXGroup;
			children = (
				0A229AED212C06A50003B603 /* malloc_01.c */,
				0A229AEE212C06A50003B603 /* memory_01.c */,
			);
			path = "动态分配内存";
			sourceTree = "<group>";
		};
		0A229AEF212C06D00003B603 /* 链表 */ = {
			isa = PBXGroup;
			children = (
				0A229AF0212C06DB0003B603 /* list_01.c */,
			);
			path = "链表";
			sourceTree = "<group>";
		};
		0A229AF2212C07000003B603 /* 数组 */ = {
			isa = PBXGroup;
			children = (
				0A229AF3212C07000003B603 /* typedef_02.c */,
				0A229AF4212C07000003B603 /* arr_01.c */,
				0A229AF5212C07000003B603 /* typedef_01.c */,
			);
			path = "数组";
			sourceTree = "<group>";
		};
		0A229AF6212C072B0003B603 /* 栈 */ = {
			isa = PBXGroup;
			children = (
				0A229AF7212C072B0003B603 /* stack_01.c */,
			);
			path = "栈";
			sourceTree = "<group>";
		};
		0A29917C212CF08700C0376C /* 队列 */ = {
			isa = PBXGroup;
			children = (
				0A29917D212CF0A500C0376C /* 循环队列.c */,
			);
			path = "队列";
			sourceTree = "<group>";
		};
		0A29917F212D05D100C0376C /* 递归 */ = {
			isa = PBXGroup;
			children = (
				0A299180212D062500C0376C /* 不同函数之间的相互调用.c */,
				0A299182212D0E3F00C0376C /* 自己调用自己.c */,
				0A299185212D38FB00C0376C /* 阶乘的循环使用.c */,
				0A299187212D39E500C0376C /* 阶乘的递归实现.c */,
				0A299189212D3BEF00C0376C /* 1+2+100的和.c */,
				0A29918B212D405900C0376C /* 间接调用自己举例.c */,
				0A29918D212D40BB00C0376C /* A函数调用B函数.c */,
				0A29918F212D527E00C0376C /* 汉诺塔.c */,
			);
			path = "递归";
			sourceTree = "<group>";
		};
		0A899930212FA40A0095EB36 /* 二叉树 */ = {
			isa = PBXGroup;
			children = (
				0A899931212FA4220095EB36 /* 链式二叉树.c */,
			);
			path = "二叉树";
			sourceTree = "<group>";
		};
		0A899933212FFE3F0095EB36 /* 排序 */ = {
			isa = PBXGroup;
			children = (
				0A899934212FFE550095EB36 /* 快速排序.c */,
			);
			path = "排序";
			sourceTree = "<group>";
		};
		0AE09A842133E17900DC1211 /* hailstone */ = {
			isa = PBXGroup;
			children = (
				0AE09A852133E18C00DC1211 /* hailstone.c */,
			);
			path = hailstone;
			sourceTree = "<group>";
		};
/* End PBXGroup section */

/* Begin PBXNativeTarget section */
		0A229AE1212C06930003B603 /* 数据结构 */ = {
			isa = PBXNativeTarget;
			buildConfigurationList = 0A229AE9212C06930003B603 /* Build configuration list for PBXNativeTarget "数据结构" */;
			buildPhases = (
				0A229ADE212C06930003B603 /* Sources */,
				0A229ADF212C06930003B603 /* Frameworks */,
				0A229AE0212C06930003B603 /* CopyFiles */,
			);
			buildRules = (
			);
			dependencies = (
			);
			name = "数据结构";
			productName = "数据结构";
			productReference = 0A229AE2212C06930003B603 /* 数据结构 */;
			productType = "com.apple.product-type.tool";
		};
/* End PBXNativeTarget section */

/* Begin PBXProject section */
		0A229ADA212C06930003B603 /* Project object */ = {
			isa = PBXProject;
			attributes = {
				LastUpgradeCheck = 0940;
				ORGANIZATIONNAME = "周冰烽";
				TargetAttributes = {
					0A229AE1212C06930003B603 = {
						CreatedOnToolsVersion = 9.4.1;
					};
				};
			};
			buildConfigurationList = 0A229ADD212C06930003B603 /* Build configuration list for PBXProject "数据结构" */;
			compatibilityVersion = "Xcode 9.3";
			developmentRegion = en;
			hasScannedForEncodings = 0;
			knownRegions = (
				en,
			);
			mainGroup = 0A229AD9212C06930003B603;
			productRefGroup = 0A229AE3212C06930003B603 /* Products */;
			projectDirPath = "";
			projectRoot = "";
			targets = (
				0A229AE1212C06930003B603 /* 数据结构 */,
			);
		};
/* End PBXProject section */

/* Begin PBXSourcesBuildPhase section */
		0A229ADE212C06930003B603 /* Sources */ = {
			isa = PBXSourcesBuildPhase;
			buildActionMask = 2147483647;
			files = (
				0AE09A862133E18C00DC1211 /* hailstone.c in Sources */,
			);
			runOnlyForDeploymentPostprocessing = 0;
		};
/* End PBXSourcesBuildPhase section */

/* Begin XCBuildConfiguration section */
		0A229AE7212C06930003B603 /* Debug */ = {
			isa = XCBuildConfiguration;
			buildSettings = {
				ALWAYS_SEARCH_USER_PATHS = NO;
				CLANG_ANALYZER_NONNULL = YES;
				CLANG_ANALYZER_NUMBER_OBJECT_CONVERSION = YES_AGGRESSIVE;
				CLANG_CXX_LANGUAGE_STANDARD = "gnu++14";
				CLANG_CXX_LIBRARY = "libc++";
				CLANG_ENABLE_MODULES = YES;
				CLANG_ENABLE_OBJC_ARC = YES;
				CLANG_ENABLE_OBJC_WEAK = YES;
				CLANG_WARN_BLOCK_CAPTURE_AUTORELEASING = YES;
				CLANG_WARN_BOOL_CONVERSION = YES;
				CLANG_WARN_COMMA = YES;
				CLANG_WARN_CONSTANT_CONVERSION = YES;
				CLANG_WARN_DEPRECATED_OBJC_IMPLEMENTATIONS = YES;
				CLANG_WARN_DIRECT_OBJC_ISA_USAGE = YES_ERROR;
				CLANG_WARN_DOCUMENTATION_COMMENTS = YES;
				CLANG_WARN_EMPTY_BODY = YES;
				CLANG_WARN_ENUM_CONVERSION = YES;
				CLANG_WARN_INFINITE_RECURSION = YES;
				CLANG_WARN_INT_CONVERSION = YES;
				CLANG_WARN_NON_LITERAL_NULL_CONVERSION = YES;
				CLANG_WARN_OBJC_IMPLICIT_RETAIN_SELF = YES;
				CLANG_WARN_OBJC_LITERAL_CONVERSION = YES;
				CLANG_WARN_OBJC_ROOT_CLASS = YES_ERROR;
				CLANG_WARN_RANGE_LOOP_ANALYSIS = YES;
				CLANG_WARN_STRICT_PROTOTYPES = YES;
				CLANG_WARN_SUSPICIOUS_MOVE = YES;
				CLANG_WARN_UNGUARDED_AVAILABILITY = YES_AGGRESSIVE;
				CLANG_WARN_UNREACHABLE_CODE = YES;
				CLANG_WARN__DUPLICATE_METHOD_MATCH = YES;
				CODE_SIGN_IDENTITY = "Mac Developer";
				COPY_PHASE_STRIP = NO;
				DEBUG_INFORMATION_FORMAT = dwarf;
				ENABLE_STRICT_OBJC_MSGSEND = YES;
				ENABLE_TESTABILITY = YES;
				GCC_C_LANGUAGE_STANDARD = gnu11;
				GCC_DYNAMIC_NO_PIC = NO;
				GCC_NO_COMMON_BLOCKS = YES;
				GCC_OPTIMIZATION_LEVEL = 0;
				GCC_PREPROCESSOR_DEFINITIONS = (
					"DEBUG=1",
					"$(inherited)",
				);
				GCC_WARN_64_TO_32_BIT_CONVERSION = YES;
				GCC_WARN_ABOUT_RETURN_TYPE = YES_ERROR;
				GCC_WARN_UNDECLARED_SELECTOR = YES;
				GCC_WARN_UNINITIALIZED_AUTOS = YES_AGGRESSIVE;
				GCC_WARN_UNUSED_FUNCTION = YES;
				GCC_WARN_UNUSED_VARIABLE = YES;
				MACOSX_DEPLOYMENT_TARGET = 10.13;
				MTL_ENABLE_DEBUG_INFO = YES;
				ONLY_ACTIVE_ARCH = YES;
				SDKROOT = macosx;
			};
			name = Debug;
		};
		0A229AE8212C06930003B603 /* Release */ = {
			isa = XCBuildConfiguration;
			buildSettings = {
				ALWAYS_SEARCH_USER_PATHS = NO;
				CLANG_ANALYZER_NONNULL = YES;
				CLANG_ANALYZER_NUMBER_OBJECT_CONVERSION = YES_AGGRESSIVE;
				CLANG_CXX_LANGUAGE_STANDARD = "gnu++14";
				CLANG_CXX_LIBRARY = "libc++";
				CLANG_ENABLE_MODULES = YES;
				CLANG_ENABLE_OBJC_ARC = YES;
				CLANG_ENABLE_OBJC_WEAK = YES;
				CLANG_WARN_BLOCK_CAPTURE_AUTORELEASING = YES;
				CLANG_WARN_BOOL_CONVERSION = YES;
				CLANG_WARN_COMMA = YES;
				CLANG_WARN_CONSTANT_CONVERSION = YES;
				CLANG_WARN_DEPRECATED_OBJC_IMPLEMENTATIONS = YES;
				CLANG_WARN_DIRECT_OBJC_ISA_USAGE = YES_ERROR;
				CLANG_WARN_DOCUMENTATION_COMMENTS = YES;
				CLANG_WARN_EMPTY_BODY = YES;
				CLANG_WARN_ENUM_CONVERSION = YES;
				CLANG_WARN_INFINITE_RECURSION = YES;
				CLANG_WARN_INT_CONVERSION = YES;
				CLANG_WARN_NON_LITERAL_NULL_CONVERSION = YES;
				CLANG_WARN_OBJC_IMPLICIT_RETAIN_SELF = YES;
				CLANG_WARN_OBJC_LITERAL_CONVERSION = YES;
				CLANG_WARN_OBJC_ROOT_CLASS = YES_ERROR;
				CLANG_WARN_RANGE_LOOP_ANALYSIS = YES;
				CLANG_WARN_STRICT_PROTOTYPES = YES;
				CLANG_WARN_SUSPICIOUS_MOVE = YES;
				CLANG_WARN_UNGUARDED_AVAILABILITY = YES_AGGRESSIVE;
				CLANG_WARN_UNREACHABLE_CODE = YES;
				CLANG_WARN__DUPLICATE_METHOD_MATCH = YES;
				CODE_SIGN_IDENTITY = "Mac Developer";
				COPY_PHASE_STRIP = NO;
				DEBUG_INFORMATION_FORMAT = "dwarf-with-dsym";
				ENABLE_NS_ASSERTIONS = NO;
				ENABLE_STRICT_OBJC_MSGSEND = YES;
				GCC_C_LANGUAGE_STANDARD = gnu11;
				GCC_NO_COMMON_BLOCKS = YES;
				GCC_WARN_64_TO_32_BIT_CONVERSION = YES;
				GCC_WARN_ABOUT_RETURN_TYPE = YES_ERROR;
				GCC_WARN_UNDECLARED_SELECTOR = YES;
				GCC_WARN_UNINITIALIZED_AUTOS = YES_AGGRESSIVE;
				GCC_WARN_UNUSED_FUNCTION = YES;
				GCC_WARN_UNUSED_VARIABLE = YES;
				MACOSX_DEPLOYMENT_TARGET = 10.13;
				MTL_ENABLE_DEBUG_INFO = NO;
				SDKROOT = macosx;
			};
			name = Release;
		};
		0A229AEA212C06930003B603 /* Debug */ = {
			isa = XCBuildConfiguration;
			buildSettings = {
				CODE_SIGN_STYLE = Automatic;
				DEVELOPMENT_TEAM = A6X5RK4546;
				PRODUCT_NAME = "$(TARGET_NAME)";
			};
			name = Debug;
		};
		0A229AEB212C06930003B603 /* Release */ = {
			isa = XCBuildConfiguration;
			buildSettings = {
				CODE_SIGN_STYLE = Automatic;
				DEVELOPMENT_TEAM = A6X5RK4546;
				PRODUCT_NAME = "$(TARGET_NAME)";
			};
			name = Release;
		};
/* End XCBuildConfiguration section */

/* Begin XCConfigurationList section */
		0A229ADD212C06930003B603 /* Build configuration list for PBXProject "数据结构" */ = {
			isa = XCConfigurationList;
			buildConfigurations = (
				0A229AE7212C06930003B603 /* Debug */,
				0A229AE8212C06930003B603 /* Release */,
			);
			defaultConfigurationIsVisible = 0;
			defaultConfigurationName = Release;
		};
		0A229AE9212C06930003B603 /* Build configuration list for PBXNativeTarget "数据结构" */ = {
			isa = XCConfigurationList;
			buildConfigurations = (
				0A229AEA212C06930003B603 /* Debug */,
				0A229AEB212C06930003B603 /* Release */,
			);
			defaultConfigurationIsVisible = 0;
			defaultConfigurationName = Release;
		};
/* End XCConfigurationList section */
	};
	rootObject = 0A229ADA212C06930003B603 /* Project object */;
}
